<?xml version="1.0" encoding="utf-8"?>
<Project ToolsVersion="4.0" xmlns="http://schemas.microsoft.com/developer/msbuild/2003">
  <ItemGroup>
    <ClCompile Include="..\app_main.cpp">
      <Filter>myapp</Filter>
    </ClCompile>
    <ClCompile Include="..\app_window.cpp">
      <Filter>myapp</Filter>
    </ClCompile>
    <ClCompile Include="..\GLTexturedQuad.cpp">
      <Filter>myapp</Filter>
    </ClCompile>
    <ClCompile Include="..\glut_window.cpp">
      <Filter>myapp</Filter>
    </ClCompile>
    <ClCompile Include="..\destructo-base\AnimationTransition.cpp">
      <Filter>destructo-base</Filter>
    </ClCompile>
    <ClCompile Include="..\destructo-base\GL3DProgram.cpp">
      <Filter>destructo-base</Filter>
    </ClCompile>
    <ClCompile Include="..\destructo-base\GLCamera.cpp">
      <Filter>destructo-base</Filter>
    </ClCompile>
    <ClCompile Include="..\destructo-base\GLCombinedMatrix.cpp">
      <Filter>destructo-base</Filter>
    </ClCompile>
    <ClCompile Include="..\destructo-base\GLCombinedModel.cpp">
      <Filter>destructo-base</Filter>
    </ClCompile>
    <ClCompile Include="..\destructo-base\GLLight.cpp">
      <Filter>destructo-base</Filter>
    </ClCompile>
    <ClCompile Include="..\destructo-base\GLLighting.cpp">
      <Filter>destructo-base</Filter>
    </ClCompile>
    <ClCompile Include="..\destructo-base\GLModel.cpp">
      <Filter>destructo-base</Filter>
    </ClCompile>
    <ClCompile Include="..\destructo-base\GLProgram.cpp">
      <Filter>destructo-base</Filter>
    </ClCompile>
    <ClCompile Include="..\destructo-base\GLShader.cpp">
      <Filter>destructo-base</Filter>
    </ClCompile>
    <ClCompile Include="..\destructo-base\GLTexture.cpp">
      <Filter>destructo-base</Filter>
    </ClCompile>
    <ClCompile Include="..\destructo-base\GLTextureCubeMap.cpp">
      <Filter>destructo-base</Filter>
    </ClCompile>
    <ClCompile Include="..\destructo-base\jsoncpp.cpp">
      <Filter>destructo-base</Filter>
    </ClCompile>
    <ClCompile Include="..\destructo-base\lodepng.cpp">
      <Filter>destructo-base</Filter>
    </ClCompile>
    <ClCompile Include="..\destructo-base\Material.cpp">
      <Filter>destructo-base</Filter>
    </ClCompile>
    <ClCompile Include="..\destructo-base\MaterialProgram.cpp">
      <Filter>destructo-base</Filter>
    </ClCompile>
    <ClCompile Include="..\destructo-base\Mesh.cpp">
      <Filter>destructo-base</Filter>
    </ClCompile>
    <ClCompile Include="..\destructo-base\Model.cpp">
      <Filter>destructo-base</Filter>
    </ClCompile>
    <ClCompile Include="..\destructo-base\ModelGroup.cpp">
      <Filter>destructo-base</Filter>
    </ClCompile>
    <ClCompile Include="..\destructo-base\ModelInstance.cpp">
      <Filter>destructo-base</Filter>
    </ClCompile>
    <ClCompile Include="..\destructo-base\Node.cpp">
      <Filter>destructo-base</Filter>
    </ClCompile>
    <ClCompile Include="..\destructo-base\OS.cpp">
      <Filter>destructo-base</Filter>
    </ClCompile>
    <ClCompile Include="..\destructo-base\Semaphore.cpp">
      <Filter>destructo-base</Filter>
    </ClCompile>
    <ClCompile Include="..\destructo-base\TextureCache.cpp">
      <Filter>destructo-base</Filter>
    </ClCompile>
    <ClCompile Include="..\destructo-base\Transform.cpp">
      <Filter>destructo-base</Filter>
    </ClCompile>
    <ClCompile Include="..\destructo-base\Utilities.cpp">
      <Filter>destructo-base</Filter>
    </ClCompile>
    <ClCompile Include="..\destructo-base\VertexAttributes.cpp">
      <Filter>destructo-base</Filter>
    </ClCompile>
    <ClCompile Include="..\destructo-base\Animation.cpp">
      <Filter>destructo-base</Filter>
    </ClCompile>
    <ClCompile Include="..\destructo-base\AnimationClip.cpp">
      <Filter>destructo-base</Filter>
    </ClCompile>
    <ClCompile Include="..\destructo-base\AnimationSource.cpp">
      <Filter>destructo-base</Filter>
    </ClCompile>
  </ItemGroup>
  <ItemGroup>
    <ClInclude Include="..\app_window.h">
      <Filter>myapp</Filter>
    </ClInclude>
    <ClInclude Include="..\GLTexturedQuad.hpp">
      <Filter>myapp</Filter>
    </ClInclude>
    <ClInclude Include="..\glut_window.h">
      <Filter>myapp</Filter>
    </ClInclude>
    <ClInclude Include="..\destructo-base\AnimationSource.h">
      <Filter>destructo-base</Filter>
    </ClInclude>
    <ClInclude Include="..\destructo-base\AnimationTransition.h">
      <Filter>destructo-base</Filter>
    </ClInclude>
    <ClInclude Include="..\destructo-base\GL3DProgram.h">
      <Filter>destructo-base</Filter>
    </ClInclude>
    <ClInclude Include="..\destructo-base\GLCamera.h">
      <Filter>destructo-base</Filter>
    </ClInclude>
    <ClInclude Include="..\destructo-base\GLCombinedMatrix.h">
      <Filter>destructo-base</Filter>
    </ClInclude>
    <ClInclude Include="..\destructo-base\GLCombinedModel.h">
      <Filter>destructo-base</Filter>
    </ClInclude>
    <ClInclude Include="..\destructo-base\GLLight.h">
      <Filter>destructo-base</Filter>
    </ClInclude>
    <ClInclude Include="..\destructo-base\GLLighting.h">
      <Filter>destructo-base</Filter>
    </ClInclude>
    <ClInclude Include="..\destructo-base\GLModel.h">
      <Filter>destructo-base</Filter>
    </ClInclude>
    <ClInclude Include="..\destructo-base\GLProgram.h">
      <Filter>destructo-base</Filter>
    </ClInclude>
    <ClInclude Include="..\destructo-base\GLShader.h">
      <Filter>destructo-base</Filter>
    </ClInclude>
    <ClInclude Include="..\destructo-base\GLTexture.h">
      <Filter>destructo-base</Filter>
    </ClInclude>
    <ClInclude Include="..\destructo-base\GLTextureCubeMap.h">
      <Filter>destructo-base</Filter>
    </ClInclude>
    <ClInclude Include="..\destructo-base\json.h">
      <Filter>destructo-base</Filter>
    </ClInclude>
    <ClInclude Include="..\destructo-base\json-forwards.h">
      <Filter>destructo-base</Filter>
    </ClInclude>
    <ClInclude Include="..\destructo-base\lodepng.h">
      <Filter>destructo-base</Filter>
    </ClInclude>
    <ClInclude Include="..\destructo-base\Material.h">
      <Filter>destructo-base</Filter>
    </ClInclude>
    <ClInclude Include="..\destructo-base\MaterialProgram.h">
      <Filter>destructo-base</Filter>
    </ClInclude>
    <ClInclude Include="..\destructo-base\Mesh.h">
      <Filter>destructo-base</Filter>
    </ClInclude>
    <ClInclude Include="..\destructo-base\Model.h">
      <Filter>destructo-base</Filter>
    </ClInclude>
    <ClInclude Include="..\destructo-base\ModelGroup.h">
      <Filter>destructo-base</Filter>
    </ClInclude>
    <ClInclude Include="..\destructo-base\ModelInstance.h">
      <Filter>destructo-base</Filter>
    </ClInclude>
    <ClInclude Include="..\destructo-base\Node.h">
      <Filter>destructo-base</Filter>
    </ClInclude>
    <ClInclude Include="..\destructo-base\OS.h">
      <Filter>destructo-base</Filter>
    </ClInclude>
    <ClInclude Include="..\destructo-base\Semaphore.h">
      <Filter>destructo-base</Filter>
    </ClInclude>
    <ClInclude Include="..\destructo-base\stdafx.h">
      <Filter>destructo-base</Filter>
    </ClInclude>
    <ClInclude Include="..\destructo-base\TextureCache.h">
      <Filter>destructo-base</Filter>
    </ClInclude>
    <ClInclude Include="..\destructo-base\Transform.h">
      <Filter>destructo-base</Filter>
    </ClInclude>
    <ClInclude Include="..\destructo-base\Utilities.h">
      <Filter>destructo-base</Filter>
    </ClInclude>
    <ClInclude Include="..\destructo-base\VertexAttributes.h">
      <Filter>destructo-base</Filter>
    </ClInclude>
    <ClInclude Include="..\destructo-base\Animation.h">
      <Filter>destructo-base</Filter>
    </ClInclude>
    <ClInclude Include="..\destructo-base\AnimationClip.h">
      <Filter>destructo-base</Filter>
    </ClInclude>
  </ItemGroup>
  <ItemGroup>
    <Filter Include="myapp">
      <UniqueIdentifier>{d0b6dda1-cc69-488c-a43c-dad126663f16}</UniqueIdentifier>
    </Filter>
    <Filter Include="destructo-base">
      <UniqueIdentifier>{85fc53ba-352f-4743-a3a8-dccaa6fc49cd}</UniqueIdentifier>
    </Filter>
  </ItemGroup>
</Project>