// !$*UTF8*$!
{
	archiveVersion = 1;
	classes = {
	};
	objectVersion = 46;
	objects = {

/* Begin PBXBuildFile section */
		F1190EEF1B97A598002C4607 /* app_main.cpp in Sources */ = {isa = PBXBuildFile; fileRef = F1190ED91B97A598002C4607 /* app_main.cpp */; };
		F1190EF01B97A598002C4607 /* app_window.cpp in Sources */ = {isa = PBXBuildFile; fileRef = F1190EDA1B97A598002C4607 /* app_window.cpp */; };
		F1190EF11B97A598002C4607 /* glut_window.cpp in Sources */ = {isa = PBXBuildFile; fileRef = F1190EDC1B97A598002C4607 /* glut_window.cpp */; };
		F1190EFD1B97A5AA002C4607 /* libGLEW.a in Frameworks */ = {isa = PBXBuildFile; fileRef = F1190EFB1B97A5AA002C4607 /* libGLEW.a */; };
		F1190EFE1B97A5AA002C4607 /* libGLEWmx.a in Frameworks */ = {isa = PBXBuildFile; fileRef = F1190EFC1B97A5AA002C4607 /* libGLEWmx.a */; };
		F1190F001B97A5EA002C4607 /* OpenGL.framework in Frameworks */ = {isa = PBXBuildFile; fileRef = F1190EFF1B97A5EA002C4607 /* OpenGL.framework */; };
		F1190F021B97A5EF002C4607 /* GLUT.framework in Frameworks */ = {isa = PBXBuildFile; fileRef = F1190F011B97A5EF002C4607 /* GLUT.framework */; };
		F1C29FED1BDBEF0D008E9BE0 /* assertions.h in Headers */ = {isa = PBXBuildFile; fileRef = F1C29FDD1BDBEF0D008E9BE0 /* assertions.h */; };
		F1C29FEE1BDBEF0D008E9BE0 /* autolink.h in Headers */ = {isa = PBXBuildFile; fileRef = F1C29FDE1BDBEF0D008E9BE0 /* autolink.h */; };
		F1C29FEF1BDBEF0D008E9BE0 /* config.h in Headers */ = {isa = PBXBuildFile; fileRef = F1C29FDF1BDBEF0D008E9BE0 /* config.h */; };
		F1C29FF01BDBEF0D008E9BE0 /* features.h in Headers */ = {isa = PBXBuildFile; fileRef = F1C29FE01BDBEF0D008E9BE0 /* features.h */; };
		F1C29FF11BDBEF0D008E9BE0 /* forwards.h in Headers */ = {isa = PBXBuildFile; fileRef = F1C29FE11BDBEF0D008E9BE0 /* forwards.h */; };
		F1C29FF21BDBEF0D008E9BE0 /* json.h in Headers */ = {isa = PBXBuildFile; fileRef = F1C29FE21BDBEF0D008E9BE0 /* json.h */; };
		F1C29FF31BDBEF0D008E9BE0 /* reader.h in Headers */ = {isa = PBXBuildFile; fileRef = F1C29FE31BDBEF0D008E9BE0 /* reader.h */; };
		F1C29FF41BDBEF0D008E9BE0 /* value.h in Headers */ = {isa = PBXBuildFile; fileRef = F1C29FE41BDBEF0D008E9BE0 /* value.h */; };
		F1C29FF51BDBEF0D008E9BE0 /* version.h in Headers */ = {isa = PBXBuildFile; fileRef = F1C29FE51BDBEF0D008E9BE0 /* version.h */; };
		F1C29FF61BDBEF0D008E9BE0 /* writer.h in Headers */ = {isa = PBXBuildFile; fileRef = F1C29FE61BDBEF0D008E9BE0 /* writer.h */; };
		F1C29FF71BDBEF0D008E9BE0 /* json_reader.cpp in Sources */ = {isa = PBXBuildFile; fileRef = F1C29FE81BDBEF0D008E9BE0 /* json_reader.cpp */; };
		F1C29FF81BDBEF0D008E9BE0 /* json_tool.h in Headers */ = {isa = PBXBuildFile; fileRef = F1C29FE91BDBEF0D008E9BE0 /* json_tool.h */; };
		F1C29FF91BDBEF0D008E9BE0 /* json_value.cpp in Sources */ = {isa = PBXBuildFile; fileRef = F1C29FEA1BDBEF0D008E9BE0 /* json_value.cpp */; };
		F1C29FFA1BDBEF0D008E9BE0 /* json_writer.cpp in Sources */ = {isa = PBXBuildFile; fileRef = F1C29FEC1BDBEF0D008E9BE0 /* json_writer.cpp */; };
		F1C29FFB1BDBEF2A008E9BE0 /* libjson.a in Frameworks */ = {isa = PBXBuildFile; fileRef = F1C29FD61BDBEEDF008E9BE0 /* libjson.a */; };
		F1C2A02F1BDC308B008E9BE0 /* Animation.cpp in Sources */ = {isa = PBXBuildFile; fileRef = F1C2A0011BDC308B008E9BE0 /* Animation.cpp */; };
		F1C2A0301BDC308B008E9BE0 /* GL3DProgram.cpp in Sources */ = {isa = PBXBuildFile; fileRef = F1C2A0031BDC308B008E9BE0 /* GL3DProgram.cpp */; };
		F1C2A0311BDC308B008E9BE0 /* GLLight.cpp in Sources */ = {isa = PBXBuildFile; fileRef = F1C2A0051BDC308B008E9BE0 /* GLLight.cpp */; };
		F1C2A0321BDC308B008E9BE0 /* GLLighting.cpp in Sources */ = {isa = PBXBuildFile; fileRef = F1C2A0071BDC308B008E9BE0 /* GLLighting.cpp */; };
		F1C2A0331BDC308B008E9BE0 /* GLModel.cpp in Sources */ = {isa = PBXBuildFile; fileRef = F1C2A00A1BDC308B008E9BE0 /* GLModel.cpp */; };
		F1C2A0341BDC308B008E9BE0 /* GLProgram.cpp in Sources */ = {isa = PBXBuildFile; fileRef = F1C2A00C1BDC308B008E9BE0 /* GLProgram.cpp */; };
		F1C2A0351BDC308B008E9BE0 /* GLShader.cpp in Sources */ = {isa = PBXBuildFile; fileRef = F1C2A00E1BDC308B008E9BE0 /* GLShader.cpp */; };
		F1C2A0361BDC308B008E9BE0 /* GLTexture.cpp in Sources */ = {isa = PBXBuildFile; fileRef = F1C2A0101BDC308B008E9BE0 /* GLTexture.cpp */; };
		F1C2A0371BDC308B008E9BE0 /* GLTextureCubeMap.cpp in Sources */ = {isa = PBXBuildFile; fileRef = F1C2A0121BDC308B008E9BE0 /* GLTextureCubeMap.cpp */; };
		F1C2A0391BDC308B008E9BE0 /* Material.cpp in Sources */ = {isa = PBXBuildFile; fileRef = F1C2A0161BDC308B008E9BE0 /* Material.cpp */; };
		F1C2A03A1BDC308B008E9BE0 /* MaterialProgram.cpp in Sources */ = {isa = PBXBuildFile; fileRef = F1C2A0181BDC308B008E9BE0 /* MaterialProgram.cpp */; };
		F1C2A03B1BDC308B008E9BE0 /* Mesh.cpp in Sources */ = {isa = PBXBuildFile; fileRef = F1C2A01A1BDC308B008E9BE0 /* Mesh.cpp */; };
		F1C2A03C1BDC308B008E9BE0 /* Model.cpp in Sources */ = {isa = PBXBuildFile; fileRef = F1C2A01C1BDC308B008E9BE0 /* Model.cpp */; };
		F1C2A03D1BDC308B008E9BE0 /* ModelGroup.cpp in Sources */ = {isa = PBXBuildFile; fileRef = F1C2A01E1BDC308B008E9BE0 /* ModelGroup.cpp */; };
		F1C2A03E1BDC308B008E9BE0 /* ModelInstance.cpp in Sources */ = {isa = PBXBuildFile; fileRef = F1C2A0201BDC308B008E9BE0 /* ModelInstance.cpp */; };
		F1C2A03F1BDC308B008E9BE0 /* Node.cpp in Sources */ = {isa = PBXBuildFile; fileRef = F1C2A0221BDC308B008E9BE0 /* Node.cpp */; };
		F1C2A0401BDC308B008E9BE0 /* OS.cpp in Sources */ = {isa = PBXBuildFile; fileRef = F1C2A0241BDC308B008E9BE0 /* OS.cpp */; };
		F1C2A0411BDC308B008E9BE0 /* Semaphore.cpp in Sources */ = {isa = PBXBuildFile; fileRef = F1C2A0261BDC308B008E9BE0 /* Semaphore.cpp */; };
		F1C2A0421BDC308B008E9BE0 /* TextureCache.cpp in Sources */ = {isa = PBXBuildFile; fileRef = F1C2A0291BDC308B008E9BE0 /* TextureCache.cpp */; };
		F1C2A0431BDC308B008E9BE0 /* Transform.cpp in Sources */ = {isa = PBXBuildFile; fileRef = F1C2A02B1BDC308B008E9BE0 /* Transform.cpp */; };
		F1C2A0441BDC308B008E9BE0 /* VertexAttributes.cpp in Sources */ = {isa = PBXBuildFile; fileRef = F1C2A02D1BDC308B008E9BE0 /* VertexAttributes.cpp */; };
		F1C2A0471BDC30FD008E9BE0 /* GLCamera.cpp in Sources */ = {isa = PBXBuildFile; fileRef = F1C2A0451BDC30FD008E9BE0 /* GLCamera.cpp */; };
		F1C2A04C1BDC314B008E9BE0 /* GLCombinedMatrix.cpp in Sources */ = {isa = PBXBuildFile; fileRef = F1C2A0481BDC314B008E9BE0 /* GLCombinedMatrix.cpp */; };
		F1C2A04D1BDC314B008E9BE0 /* GLCombinedModel.cpp in Sources */ = {isa = PBXBuildFile; fileRef = F1C2A04A1BDC314B008E9BE0 /* GLCombinedModel.cpp */; };
		F1C2A0531BDC3285008E9BE0 /* AnimationClip.cpp in Sources */ = {isa = PBXBuildFile; fileRef = F1C2A0511BDC3285008E9BE0 /* AnimationClip.cpp */; };
		F1C2A0561BDC330A008E9BE0 /* AnimationSource.cpp in Sources */ = {isa = PBXBuildFile; fileRef = F1C2A0541BDC330A008E9BE0 /* AnimationSource.cpp */; };
		F1C2A0591BDC34E9008E9BE0 /* Utilities.cpp in Sources */ = {isa = PBXBuildFile; fileRef = F1C2A0571BDC34E9008E9BE0 /* Utilities.cpp */; };
		F1C2A05B1BDC373E008E9BE0 /* lodepng.cpp in Sources */ = {isa = PBXBuildFile; fileRef = F1C2A05A1BDC373E008E9BE0 /* lodepng.cpp */; };
		F1C2A05E1BDDBAE4008E9BE0 /* GLTexturedQuad.cpp in Sources */ = {isa = PBXBuildFile; fileRef = F1C2A05C1BDDBAE4008E9BE0 /* GLTexturedQuad.cpp */; };
/* End PBXBuildFile section */

/* Begin PBXCopyFilesBuildPhase section */
		F1190ECD1B97A549002C4607 /* CopyFiles */ = {
			isa = PBXCopyFilesBuildPhase;
			buildActionMask = 2147483647;
			dstPath = /usr/share/man/man1/;
			dstSubfolderSpec = 0;
			files = (
			);
			runOnlyForDeploymentPostprocessing = 1;
		};
/* End PBXCopyFilesBuildPhase section */

/* Begin PBXFileReference section */
		F1190ECF1B97A549002C4607 /* glutapp3d */ = {isa = PBXFileReference; explicitFileType = "compiled.mach-o.executable"; includeInIndex = 0; path = glutapp3d; sourceTree = BUILT_PRODUCTS_DIR; };
		F1190ED91B97A598002C4607 /* app_main.cpp */ = {isa = PBXFileReference; fileEncoding = 4; lastKnownFileType = sourcecode.cpp.cpp; path = app_main.cpp; sourceTree = SOURCE_ROOT; };
		F1190EDA1B97A598002C4607 /* app_window.cpp */ = {isa = PBXFileReference; fileEncoding = 4; lastKnownFileType = sourcecode.cpp.cpp; path = app_window.cpp; sourceTree = SOURCE_ROOT; };
		F1190EDB1B97A598002C4607 /* app_window.h */ = {isa = PBXFileReference; fileEncoding = 4; lastKnownFileType = sourcecode.c.h; path = app_window.h; sourceTree = SOURCE_ROOT; };
		F1190EDC1B97A598002C4607 /* glut_window.cpp */ = {isa = PBXFileReference; fileEncoding = 4; lastKnownFileType = sourcecode.cpp.cpp; path = glut_window.cpp; sourceTree = SOURCE_ROOT; };
		F1190EDD1B97A598002C4607 /* glut_window.h */ = {isa = PBXFileReference; fileEncoding = 4; lastKnownFileType = sourcecode.c.h; path = glut_window.h; sourceTree = SOURCE_ROOT; };
		F1190EFB1B97A5AA002C4607 /* libGLEW.a */ = {isa = PBXFileReference; lastKnownFileType = archive.ar; path = libGLEW.a; sourceTree = "<group>"; };
		F1190EFC1B97A5AA002C4607 /* libGLEWmx.a */ = {isa = PBXFileReference; lastKnownFileType = archive.ar; path = libGLEWmx.a; sourceTree = "<group>"; };
		F1190EFF1B97A5EA002C4607 /* OpenGL.framework */ = {isa = PBXFileReference; lastKnownFileType = wrapper.framework; name = OpenGL.framework; path = System/Library/Frameworks/OpenGL.framework; sourceTree = SDKROOT; };
		F1190F011B97A5EF002C4607 /* GLUT.framework */ = {isa = PBXFileReference; lastKnownFileType = wrapper.framework; name = GLUT.framework; path = System/Library/Frameworks/GLUT.framework; sourceTree = SDKROOT; };
		F1C29FD61BDBEEDF008E9BE0 /* libjson.a */ = {isa = PBXFileReference; explicitFileType = archive.ar; includeInIndex = 0; path = libjson.a; sourceTree = BUILT_PRODUCTS_DIR; };
		F1C29FDD1BDBEF0D008E9BE0 /* assertions.h */ = {isa = PBXFileReference; fileEncoding = 4; lastKnownFileType = sourcecode.c.h; path = assertions.h; sourceTree = "<group>"; };
		F1C29FDE1BDBEF0D008E9BE0 /* autolink.h */ = {isa = PBXFileReference; fileEncoding = 4; lastKnownFileType = sourcecode.c.h; path = autolink.h; sourceTree = "<group>"; };
		F1C29FDF1BDBEF0D008E9BE0 /* config.h */ = {isa = PBXFileReference; fileEncoding = 4; lastKnownFileType = sourcecode.c.h; path = config.h; sourceTree = "<group>"; };
		F1C29FE01BDBEF0D008E9BE0 /* features.h */ = {isa = PBXFileReference; fileEncoding = 4; lastKnownFileType = sourcecode.c.h; path = features.h; sourceTree = "<group>"; };
		F1C29FE11BDBEF0D008E9BE0 /* forwards.h */ = {isa = PBXFileReference; fileEncoding = 4; lastKnownFileType = sourcecode.c.h; path = forwards.h; sourceTree = "<group>"; };
		F1C29FE21BDBEF0D008E9BE0 /* json.h */ = {isa = PBXFileReference; fileEncoding = 4; lastKnownFileType = sourcecode.c.h; path = json.h; sourceTree = "<group>"; };
		F1C29FE31BDBEF0D008E9BE0 /* reader.h */ = {isa = PBXFileReference; fileEncoding = 4; lastKnownFileType = sourcecode.c.h; path = reader.h; sourceTree = "<group>"; };
		F1C29FE41BDBEF0D008E9BE0 /* value.h */ = {isa = PBXFileReference; fileEncoding = 4; lastKnownFileType = sourcecode.c.h; path = value.h; sourceTree = "<group>"; };
		F1C29FE51BDBEF0D008E9BE0 /* version.h */ = {isa = PBXFileReference; fileEncoding = 4; lastKnownFileType = sourcecode.c.h; path = version.h; sourceTree = "<group>"; };
		F1C29FE61BDBEF0D008E9BE0 /* writer.h */ = {isa = PBXFileReference; fileEncoding = 4; lastKnownFileType = sourcecode.c.h; path = writer.h; sourceTree = "<group>"; };
		F1C29FE81BDBEF0D008E9BE0 /* json_reader.cpp */ = {isa = PBXFileReference; fileEncoding = 4; lastKnownFileType = sourcecode.cpp.cpp; path = json_reader.cpp; sourceTree = "<group>"; };
		F1C29FE91BDBEF0D008E9BE0 /* json_tool.h */ = {isa = PBXFileReference; fileEncoding = 4; lastKnownFileType = sourcecode.c.h; path = json_tool.h; sourceTree = "<group>"; };
		F1C29FEA1BDBEF0D008E9BE0 /* json_value.cpp */ = {isa = PBXFileReference; fileEncoding = 4; lastKnownFileType = sourcecode.cpp.cpp; path = json_value.cpp; sourceTree = "<group>"; };
		F1C29FEB1BDBEF0D008E9BE0 /* json_valueiterator.inl */ = {isa = PBXFileReference; fileEncoding = 4; lastKnownFileType = text; path = json_valueiterator.inl; sourceTree = "<group>"; };
		F1C29FEC1BDBEF0D008E9BE0 /* json_writer.cpp */ = {isa = PBXFileReference; fileEncoding = 4; lastKnownFileType = sourcecode.cpp.cpp; path = json_writer.cpp; sourceTree = "<group>"; };
		F1C2A0011BDC308B008E9BE0 /* Animation.cpp */ = {isa = PBXFileReference; fileEncoding = 4; lastKnownFileType = sourcecode.cpp.cpp; path = Animation.cpp; sourceTree = "<group>"; };
		F1C2A0021BDC308B008E9BE0 /* Animation.h */ = {isa = PBXFileReference; fileEncoding = 4; lastKnownFileType = sourcecode.c.h; path = Animation.h; sourceTree = "<group>"; };
		F1C2A0031BDC308B008E9BE0 /* GL3DProgram.cpp */ = {isa = PBXFileReference; fileEncoding = 4; lastKnownFileType = sourcecode.cpp.cpp; path = GL3DProgram.cpp; sourceTree = "<group>"; };
		F1C2A0041BDC308B008E9BE0 /* GL3DProgram.h */ = {isa = PBXFileReference; fileEncoding = 4; lastKnownFileType = sourcecode.c.h; path = GL3DProgram.h; sourceTree = "<group>"; };
		F1C2A0051BDC308B008E9BE0 /* GLLight.cpp */ = {isa = PBXFileReference; fileEncoding = 4; lastKnownFileType = sourcecode.cpp.cpp; path = GLLight.cpp; sourceTree = "<group>"; };
		F1C2A0061BDC308B008E9BE0 /* GLLight.h */ = {isa = PBXFileReference; fileEncoding = 4; lastKnownFileType = sourcecode.c.h; path = GLLight.h; sourceTree = "<group>"; };
		F1C2A0071BDC308B008E9BE0 /* GLLighting.cpp */ = {isa = PBXFileReference; fileEncoding = 4; lastKnownFileType = sourcecode.cpp.cpp; path = GLLighting.cpp; sourceTree = "<group>"; };
		F1C2A0081BDC308B008E9BE0 /* GLLighting.h */ = {isa = PBXFileReference; fileEncoding = 4; lastKnownFileType = sourcecode.c.h; path = GLLighting.h; sourceTree = "<group>"; };
		F1C2A00A1BDC308B008E9BE0 /* GLModel.cpp */ = {isa = PBXFileReference; fileEncoding = 4; lastKnownFileType = sourcecode.cpp.cpp; path = GLModel.cpp; sourceTree = "<group>"; };
		F1C2A00B1BDC308B008E9BE0 /* GLModel.h */ = {isa = PBXFileReference; fileEncoding = 4; lastKnownFileType = sourcecode.c.h; path = GLModel.h; sourceTree = "<group>"; };
		F1C2A00C1BDC308B008E9BE0 /* GLProgram.cpp */ = {isa = PBXFileReference; fileEncoding = 4; lastKnownFileType = sourcecode.cpp.cpp; path = GLProgram.cpp; sourceTree = "<group>"; };
		F1C2A00D1BDC308B008E9BE0 /* GLProgram.h */ = {isa = PBXFileReference; fileEncoding = 4; lastKnownFileType = sourcecode.c.h; path = GLProgram.h; sourceTree = "<group>"; };
		F1C2A00E1BDC308B008E9BE0 /* GLShader.cpp */ = {isa = PBXFileReference; fileEncoding = 4; lastKnownFileType = sourcecode.cpp.cpp; path = GLShader.cpp; sourceTree = "<group>"; };
		F1C2A00F1BDC308B008E9BE0 /* GLShader.h */ = {isa = PBXFileReference; fileEncoding = 4; lastKnownFileType = sourcecode.c.h; path = GLShader.h; sourceTree = "<group>"; };
		F1C2A0101BDC308B008E9BE0 /* GLTexture.cpp */ = {isa = PBXFileReference; fileEncoding = 4; lastKnownFileType = sourcecode.cpp.cpp; path = GLTexture.cpp; sourceTree = "<group>"; };
		F1C2A0111BDC308B008E9BE0 /* GLTexture.h */ = {isa = PBXFileReference; fileEncoding = 4; lastKnownFileType = sourcecode.c.h; path = GLTexture.h; sourceTree = "<group>"; };
		F1C2A0121BDC308B008E9BE0 /* GLTextureCubeMap.cpp */ = {isa = PBXFileReference; fileEncoding = 4; lastKnownFileType = sourcecode.cpp.cpp; path = GLTextureCubeMap.cpp; sourceTree = "<group>"; };
		F1C2A0131BDC308B008E9BE0 /* GLTextureCubeMap.h */ = {isa = PBXFileReference; fileEncoding = 4; lastKnownFileType = sourcecode.c.h; path = GLTextureCubeMap.h; sourceTree = "<group>"; };
		F1C2A0151BDC308B008E9BE0 /* lodepng.h */ = {isa = PBXFileReference; fileEncoding = 4; lastKnownFileType = sourcecode.c.h; path = lodepng.h; sourceTree = "<group>"; };
		F1C2A0161BDC308B008E9BE0 /* Material.cpp */ = {isa = PBXFileReference; fileEncoding = 4; lastKnownFileType = sourcecode.cpp.cpp; path = Material.cpp; sourceTree = "<group>"; };
		F1C2A0171BDC308B008E9BE0 /* Material.h */ = {isa = PBXFileReference; fileEncoding = 4; lastKnownFileType = sourcecode.c.h; path = Material.h; sourceTree = "<group>"; };
		F1C2A0181BDC308B008E9BE0 /* MaterialProgram.cpp */ = {isa = PBXFileReference; fileEncoding = 4; lastKnownFileType = sourcecode.cpp.cpp; path = MaterialProgram.cpp; sourceTree = "<group>"; };
		F1C2A0191BDC308B008E9BE0 /* MaterialProgram.h */ = {isa = PBXFileReference; fileEncoding = 4; lastKnownFileType = sourcecode.c.h; path = MaterialProgram.h; sourceTree = "<group>"; };
		F1C2A01A1BDC308B008E9BE0 /* Mesh.cpp */ = {isa = PBXFileReference; fileEncoding = 4; lastKnownFileType = sourcecode.cpp.cpp; path = Mesh.cpp; sourceTree = "<group>"; };
		F1C2A01B1BDC308B008E9BE0 /* Mesh.h */ = {isa = PBXFileReference; fileEncoding = 4; lastKnownFileType = sourcecode.c.h; path = Mesh.h; sourceTree = "<group>"; };
		F1C2A01C1BDC308B008E9BE0 /* Model.cpp */ = {isa = PBXFileReference; fileEncoding = 4; lastKnownFileType = sourcecode.cpp.cpp; path = Model.cpp; sourceTree = "<group>"; };
		F1C2A01D1BDC308B008E9BE0 /* Model.h */ = {isa = PBXFileReference; fileEncoding = 4; lastKnownFileType = sourcecode.c.h; path = Model.h; sourceTree = "<group>"; };
		F1C2A01E1BDC308B008E9BE0 /* ModelGroup.cpp */ = {isa = PBXFileReference; fileEncoding = 4; lastKnownFileType = sourcecode.cpp.cpp; path = ModelGroup.cpp; sourceTree = "<group>"; };
		F1C2A01F1BDC308B008E9BE0 /* ModelGroup.h */ = {isa = PBXFileReference; fileEncoding = 4; lastKnownFileType = sourcecode.c.h; path = ModelGroup.h; sourceTree = "<group>"; };
		F1C2A0201BDC308B008E9BE0 /* ModelInstance.cpp */ = {isa = PBXFileReference; fileEncoding = 4; lastKnownFileType = sourcecode.cpp.cpp; path = ModelInstance.cpp; sourceTree = "<group>"; };
		F1C2A0211BDC308B008E9BE0 /* ModelInstance.h */ = {isa = PBXFileReference; fileEncoding = 4; lastKnownFileType = sourcecode.c.h; path = ModelInstance.h; sourceTree = "<group>"; };
		F1C2A0221BDC308B008E9BE0 /* Node.cpp */ = {isa = PBXFileReference; fileEncoding = 4; lastKnownFileType = sourcecode.cpp.cpp; path = Node.cpp; sourceTree = "<group>"; };
		F1C2A0231BDC308B008E9BE0 /* Node.h */ = {isa = PBXFileReference; fileEncoding = 4; lastKnownFileType = sourcecode.c.h; path = Node.h; sourceTree = "<group>"; };
		F1C2A0241BDC308B008E9BE0 /* OS.cpp */ = {isa = PBXFileReference; fileEncoding = 4; lastKnownFileType = sourcecode.cpp.cpp; path = OS.cpp; sourceTree = "<group>"; };
		F1C2A0251BDC308B008E9BE0 /* OS.h */ = {isa = PBXFileReference; fileEncoding = 4; lastKnownFileType = sourcecode.c.h; path = OS.h; sourceTree = "<group>"; };
		F1C2A0261BDC308B008E9BE0 /* Semaphore.cpp */ = {isa = PBXFileReference; fileEncoding = 4; lastKnownFileType = sourcecode.cpp.cpp; path = Semaphore.cpp; sourceTree = "<group>"; };
		F1C2A0271BDC308B008E9BE0 /* Semaphore.h */ = {isa = PBXFileReference; fileEncoding = 4; lastKnownFileType = sourcecode.c.h; path = Semaphore.h; sourceTree = "<group>"; };
		F1C2A0281BDC308B008E9BE0 /* stdafx.h */ = {isa = PBXFileReference; fileEncoding = 4; lastKnownFileType = sourcecode.c.h; path = stdafx.h; sourceTree = "<group>"; };
		F1C2A0291BDC308B008E9BE0 /* TextureCache.cpp */ = {isa = PBXFileReference; fileEncoding = 4; lastKnownFileType = sourcecode.cpp.cpp; path = TextureCache.cpp; sourceTree = "<group>"; };
		F1C2A02A1BDC308B008E9BE0 /* TextureCache.h */ = {isa = PBXFileReference; fileEncoding = 4; lastKnownFileType = sourcecode.c.h; path = TextureCache.h; sourceTree = "<group>"; };
		F1C2A02B1BDC308B008E9BE0 /* Transform.cpp */ = {isa = PBXFileReference; fileEncoding = 4; lastKnownFileType = sourcecode.cpp.cpp; path = Transform.cpp; sourceTree = "<group>"; };
		F1C2A02C1BDC308B008E9BE0 /* Transform.h */ = {isa = PBXFileReference; fileEncoding = 4; lastKnownFileType = sourcecode.c.h; path = Transform.h; sourceTree = "<group>"; };
		F1C2A02D1BDC308B008E9BE0 /* VertexAttributes.cpp */ = {isa = PBXFileReference; fileEncoding = 4; lastKnownFileType = sourcecode.cpp.cpp; path = VertexAttributes.cpp; sourceTree = "<group>"; };
		F1C2A02E1BDC308B008E9BE0 /* VertexAttributes.h */ = {isa = PBXFileReference; fileEncoding = 4; lastKnownFileType = sourcecode.c.h; path = VertexAttributes.h; sourceTree = "<group>"; };
		F1C2A0451BDC30FD008E9BE0 /* GLCamera.cpp */ = {isa = PBXFileReference; fileEncoding = 4; lastKnownFileType = sourcecode.cpp.cpp; path = GLCamera.cpp; sourceTree = "<group>"; };
		F1C2A0461BDC30FD008E9BE0 /* GLCamera.h */ = {isa = PBXFileReference; fileEncoding = 4; lastKnownFileType = sourcecode.c.h; path = GLCamera.h; sourceTree = "<group>"; };
		F1C2A0481BDC314B008E9BE0 /* GLCombinedMatrix.cpp */ = {isa = PBXFileReference; fileEncoding = 4; lastKnownFileType = sourcecode.cpp.cpp; path = GLCombinedMatrix.cpp; sourceTree = "<group>"; };
		F1C2A0491BDC314B008E9BE0 /* GLCombinedMatrix.h */ = {isa = PBXFileReference; fileEncoding = 4; lastKnownFileType = sourcecode.c.h; path = GLCombinedMatrix.h; sourceTree = "<group>"; };
		F1C2A04A1BDC314B008E9BE0 /* GLCombinedModel.cpp */ = {isa = PBXFileReference; fileEncoding = 4; lastKnownFileType = sourcecode.cpp.cpp; path = GLCombinedModel.cpp; sourceTree = "<group>"; };
		F1C2A04B1BDC314B008E9BE0 /* GLCombinedModel.h */ = {isa = PBXFileReference; fileEncoding = 4; lastKnownFileType = sourcecode.c.h; path = GLCombinedModel.h; sourceTree = "<group>"; };
		F1C2A0511BDC3285008E9BE0 /* AnimationClip.cpp */ = {isa = PBXFileReference; fileEncoding = 4; lastKnownFileType = sourcecode.cpp.cpp; path = AnimationClip.cpp; sourceTree = "<group>"; };
		F1C2A0521BDC3285008E9BE0 /* AnimationClip.h */ = {isa = PBXFileReference; fileEncoding = 4; lastKnownFileType = sourcecode.c.h; path = AnimationClip.h; sourceTree = "<group>"; };
		F1C2A0541BDC330A008E9BE0 /* AnimationSource.cpp */ = {isa = PBXFileReference; fileEncoding = 4; lastKnownFileType = sourcecode.cpp.cpp; path = AnimationSource.cpp; sourceTree = "<group>"; };
		F1C2A0551BDC330A008E9BE0 /* AnimationSource.h */ = {isa = PBXFileReference; fileEncoding = 4; lastKnownFileType = sourcecode.c.h; path = AnimationSource.h; sourceTree = "<group>"; };
		F1C2A0571BDC34E9008E9BE0 /* Utilities.cpp */ = {isa = PBXFileReference; fileEncoding = 4; lastKnownFileType = sourcecode.cpp.cpp; path = Utilities.cpp; sourceTree = "<group>"; };
		F1C2A0581BDC34E9008E9BE0 /* Utilities.h */ = {isa = PBXFileReference; fileEncoding = 4; lastKnownFileType = sourcecode.c.h; path = Utilities.h; sourceTree = "<group>"; };
		F1C2A05A1BDC373E008E9BE0 /* lodepng.cpp */ = {isa = PBXFileReference; fileEncoding = 4; lastKnownFileType = sourcecode.cpp.cpp; path = lodepng.cpp; sourceTree = "<group>"; };
		F1C2A05C1BDDBAE4008E9BE0 /* GLTexturedQuad.cpp */ = {isa = PBXFileReference; fileEncoding = 4; lastKnownFileType = sourcecode.cpp.cpp; path = GLTexturedQuad.cpp; sourceTree = SOURCE_ROOT; };
		F1C2A05D1BDDBAE4008E9BE0 /* GLTexturedQuad.hpp */ = {isa = PBXFileReference; fileEncoding = 4; lastKnownFileType = sourcecode.cpp.h; path = GLTexturedQuad.hpp; sourceTree = SOURCE_ROOT; };
/* End PBXFileReference section */

/* Begin PBXFrameworksBuildPhase section */
		F1190ECC1B97A549002C4607 /* Frameworks */ = {
			isa = PBXFrameworksBuildPhase;
			buildActionMask = 2147483647;
			files = (
				F1C29FFB1BDBEF2A008E9BE0 /* libjson.a in Frameworks */,
				F1190F021B97A5EF002C4607 /* GLUT.framework in Frameworks */,
				F1190F001B97A5EA002C4607 /* OpenGL.framework in Frameworks */,
				F1190EFD1B97A5AA002C4607 /* libGLEW.a in Frameworks */,
				F1190EFE1B97A5AA002C4607 /* libGLEWmx.a in Frameworks */,
			);
			runOnlyForDeploymentPostprocessing = 0;
		};
		F1C29FD31BDBEEDF008E9BE0 /* Frameworks */ = {
			isa = PBXFrameworksBuildPhase;
			buildActionMask = 2147483647;
			files = (
			);
			runOnlyForDeploymentPostprocessing = 0;
		};
/* End PBXFrameworksBuildPhase section */

/* Begin PBXGroup section */
		F1190EC61B97A549002C4607 = {
			isa = PBXGroup;
			children = (
				F1190ED11B97A549002C4607 /* glutapp3d */,
				F1190EFA1B97A5AA002C4607 /* lib */,
				F1190ED01B97A549002C4607 /* Products */,
			);
			sourceTree = "<group>";
		};
		F1190ED01B97A549002C4607 /* Products */ = {
			isa = PBXGroup;
			children = (
				F1190ECF1B97A549002C4607 /* glutapp3d */,
				F1C29FD61BDBEEDF008E9BE0 /* libjson.a */,
			);
			name = Products;
			sourceTree = "<group>";
		};
		F1190ED11B97A549002C4607 /* glutapp3d */ = {
			isa = PBXGroup;
			children = (
				F1C2A0001BDC308B008E9BE0 /* destructo-base */,
				F1190ED91B97A598002C4607 /* app_main.cpp */,
				F1190EDA1B97A598002C4607 /* app_window.cpp */,
				F1190EDB1B97A598002C4607 /* app_window.h */,
				F1190EDC1B97A598002C4607 /* glut_window.cpp */,
				F1190EDD1B97A598002C4607 /* glut_window.h */,
				F1C2A05C1BDDBAE4008E9BE0 /* GLTexturedQuad.cpp */,
				F1C2A05D1BDDBAE4008E9BE0 /* GLTexturedQuad.hpp */,
			);
			path = glutapp3d;
			sourceTree = "<group>";
		};
		F1190EFA1B97A5AA002C4607 /* lib */ = {
			isa = PBXGroup;
			children = (
				F1C29FDA1BDBEF0D008E9BE0 /* jsoncpp */,
				F1190F011B97A5EF002C4607 /* GLUT.framework */,
				F1190EFF1B97A5EA002C4607 /* OpenGL.framework */,
				F1190EFB1B97A5AA002C4607 /* libGLEW.a */,
				F1190EFC1B97A5AA002C4607 /* libGLEWmx.a */,
			);
			name = lib;
			path = osx/glew/lib;
			sourceTree = "<group>";
		};
		F1C29FDA1BDBEF0D008E9BE0 /* jsoncpp */ = {
			isa = PBXGroup;
			children = (
				F1C29FDB1BDBEF0D008E9BE0 /* include */,
				F1C29FE71BDBEF0D008E9BE0 /* src */,
			);
			path = jsoncpp;
			sourceTree = SOURCE_ROOT;
		};
		F1C29FDB1BDBEF0D008E9BE0 /* include */ = {
			isa = PBXGroup;
			children = (
				F1C29FDC1BDBEF0D008E9BE0 /* json */,
			);
			path = include;
			sourceTree = "<group>";
		};
		F1C29FDC1BDBEF0D008E9BE0 /* json */ = {
			isa = PBXGroup;
			children = (
				F1C29FDD1BDBEF0D008E9BE0 /* assertions.h */,
				F1C29FDE1BDBEF0D008E9BE0 /* autolink.h */,
				F1C29FDF1BDBEF0D008E9BE0 /* config.h */,
				F1C29FE01BDBEF0D008E9BE0 /* features.h */,
				F1C29FE11BDBEF0D008E9BE0 /* forwards.h */,
				F1C29FE21BDBEF0D008E9BE0 /* json.h */,
				F1C29FE31BDBEF0D008E9BE0 /* reader.h */,
				F1C29FE41BDBEF0D008E9BE0 /* value.h */,
				F1C29FE51BDBEF0D008E9BE0 /* version.h */,
				F1C29FE61BDBEF0D008E9BE0 /* writer.h */,
			);
			path = json;
			sourceTree = "<group>";
		};
		F1C29FE71BDBEF0D008E9BE0 /* src */ = {
			isa = PBXGroup;
			children = (
				F1C29FE81BDBEF0D008E9BE0 /* json_reader.cpp */,
				F1C29FE91BDBEF0D008E9BE0 /* json_tool.h */,
				F1C29FEA1BDBEF0D008E9BE0 /* json_value.cpp */,
				F1C29FEB1BDBEF0D008E9BE0 /* json_valueiterator.inl */,
				F1C29FEC1BDBEF0D008E9BE0 /* json_writer.cpp */,
			);
			path = src;
			sourceTree = "<group>";
		};
		F1C2A0001BDC308B008E9BE0 /* destructo-base */ = {
			isa = PBXGroup;
			children = (
				F1C2A0481BDC314B008E9BE0 /* GLCombinedMatrix.cpp */,
				F1C2A0491BDC314B008E9BE0 /* GLCombinedMatrix.h */,
				F1C2A04A1BDC314B008E9BE0 /* GLCombinedModel.cpp */,
				F1C2A04B1BDC314B008E9BE0 /* GLCombinedModel.h */,
				F1C2A0451BDC30FD008E9BE0 /* GLCamera.cpp */,
				F1C2A0461BDC30FD008E9BE0 /* GLCamera.h */,
				F1C2A0011BDC308B008E9BE0 /* Animation.cpp */,
				F1C2A0021BDC308B008E9BE0 /* Animation.h */,
				F1C2A0511BDC3285008E9BE0 /* AnimationClip.cpp */,
				F1C2A0521BDC3285008E9BE0 /* AnimationClip.h */,
				F1C2A0541BDC330A008E9BE0 /* AnimationSource.cpp */,
				F1C2A0551BDC330A008E9BE0 /* AnimationSource.h */,
				F1C2A0031BDC308B008E9BE0 /* GL3DProgram.cpp */,
				F1C2A0041BDC308B008E9BE0 /* GL3DProgram.h */,
				F1C2A0051BDC308B008E9BE0 /* GLLight.cpp */,
				F1C2A0061BDC308B008E9BE0 /* GLLight.h */,
				F1C2A0071BDC308B008E9BE0 /* GLLighting.cpp */,
				F1C2A0081BDC308B008E9BE0 /* GLLighting.h */,
				F1C2A00A1BDC308B008E9BE0 /* GLModel.cpp */,
				F1C2A00B1BDC308B008E9BE0 /* GLModel.h */,
				F1C2A00C1BDC308B008E9BE0 /* GLProgram.cpp */,
				F1C2A00D1BDC308B008E9BE0 /* GLProgram.h */,
				F1C2A00E1BDC308B008E9BE0 /* GLShader.cpp */,
				F1C2A00F1BDC308B008E9BE0 /* GLShader.h */,
				F1C2A0101BDC308B008E9BE0 /* GLTexture.cpp */,
				F1C2A0111BDC308B008E9BE0 /* GLTexture.h */,
				F1C2A0121BDC308B008E9BE0 /* GLTextureCubeMap.cpp */,
				F1C2A0131BDC308B008E9BE0 /* GLTextureCubeMap.h */,
				F1C2A0151BDC308B008E9BE0 /* lodepng.h */,
				F1C2A05A1BDC373E008E9BE0 /* lodepng.cpp */,
				F1C2A0161BDC308B008E9BE0 /* Material.cpp */,
				F1C2A0171BDC308B008E9BE0 /* Material.h */,
				F1C2A0181BDC308B008E9BE0 /* MaterialProgram.cpp */,
				F1C2A0191BDC308B008E9BE0 /* MaterialProgram.h */,
				F1C2A01A1BDC308B008E9BE0 /* Mesh.cpp */,
				F1C2A01B1BDC308B008E9BE0 /* Mesh.h */,
				F1C2A01C1BDC308B008E9BE0 /* Model.cpp */,
				F1C2A01D1BDC308B008E9BE0 /* Model.h */,
				F1C2A01E1BDC308B008E9BE0 /* ModelGroup.cpp */,
				F1C2A01F1BDC308B008E9BE0 /* ModelGroup.h */,
				F1C2A0201BDC308B008E9BE0 /* ModelInstance.cpp */,
				F1C2A0211BDC308B008E9BE0 /* ModelInstance.h */,
				F1C2A0221BDC308B008E9BE0 /* Node.cpp */,
				F1C2A0231BDC308B008E9BE0 /* Node.h */,
				F1C2A0241BDC308B008E9BE0 /* OS.cpp */,
				F1C2A0251BDC308B008E9BE0 /* OS.h */,
				F1C2A0261BDC308B008E9BE0 /* Semaphore.cpp */,
				F1C2A0271BDC308B008E9BE0 /* Semaphore.h */,
				F1C2A0281BDC308B008E9BE0 /* stdafx.h */,
				F1C2A0291BDC308B008E9BE0 /* TextureCache.cpp */,
				F1C2A02A1BDC308B008E9BE0 /* TextureCache.h */,
				F1C2A02B1BDC308B008E9BE0 /* Transform.cpp */,
				F1C2A02C1BDC308B008E9BE0 /* Transform.h */,
				F1C2A0571BDC34E9008E9BE0 /* Utilities.cpp */,
				F1C2A0581BDC34E9008E9BE0 /* Utilities.h */,
				F1C2A02D1BDC308B008E9BE0 /* VertexAttributes.cpp */,
				F1C2A02E1BDC308B008E9BE0 /* VertexAttributes.h */,
			);
			path = "destructo-base";
			sourceTree = SOURCE_ROOT;
		};
/* End PBXGroup section */

/* Begin PBXHeadersBuildPhase section */
		F1C29FD41BDBEEDF008E9BE0 /* Headers */ = {
			isa = PBXHeadersBuildPhase;
			buildActionMask = 2147483647;
			files = (
				F1C29FF21BDBEF0D008E9BE0 /* json.h in Headers */,
				F1C29FED1BDBEF0D008E9BE0 /* assertions.h in Headers */,
				F1C29FF81BDBEF0D008E9BE0 /* json_tool.h in Headers */,
				F1C29FF41BDBEF0D008E9BE0 /* value.h in Headers */,
				F1C29FF61BDBEF0D008E9BE0 /* writer.h in Headers */,
				F1C29FEE1BDBEF0D008E9BE0 /* autolink.h in Headers */,
				F1C29FF51BDBEF0D008E9BE0 /* version.h in Headers */,
				F1C29FF31BDBEF0D008E9BE0 /* reader.h in Headers */,
				F1C29FEF1BDBEF0D008E9BE0 /* config.h in Headers */,
				F1C29FF11BDBEF0D008E9BE0 /* forwards.h in Headers */,
				F1C29FF01BDBEF0D008E9BE0 /* features.h in Headers */,
			);
			runOnlyForDeploymentPostprocessing = 0;
		};
/* End PBXHeadersBuildPhase section */

/* Begin PBXNativeTarget section */
		F1190ECE1B97A549002C4607 /* glutapp3d */ = {
			isa = PBXNativeTarget;
			buildConfigurationList = F1190ED61B97A549002C4607 /* Build configuration list for PBXNativeTarget "glutapp3d" */;
			buildPhases = (
				F1190ECB1B97A549002C4607 /* Sources */,
				F1190ECC1B97A549002C4607 /* Frameworks */,
				F1190ECD1B97A549002C4607 /* CopyFiles */,
			);
			buildRules = (
			);
			dependencies = (
			);
			name = glutapp3d;
			productName = glutapp3d;
			productReference = F1190ECF1B97A549002C4607 /* glutapp3d */;
			productType = "com.apple.product-type.tool";
		};
		F1C29FD51BDBEEDF008E9BE0 /* json */ = {
			isa = PBXNativeTarget;
			buildConfigurationList = F1C29FD71BDBEEE0008E9BE0 /* Build configuration list for PBXNativeTarget "json" */;
			buildPhases = (
				F1C29FD21BDBEEDF008E9BE0 /* Sources */,
				F1C29FD31BDBEEDF008E9BE0 /* Frameworks */,
				F1C29FD41BDBEEDF008E9BE0 /* Headers */,
			);
			buildRules = (
			);
			dependencies = (
			);
			name = json;
			productName = json;
			productReference = F1C29FD61BDBEEDF008E9BE0 /* libjson.a */;
			productType = "com.apple.product-type.library.static";
		};
/* End PBXNativeTarget section */

/* Begin PBXProject section */
		F1190EC71B97A549002C4607 /* Project object */ = {
			isa = PBXProject;
			attributes = {
				LastUpgradeCheck = 0710;
				ORGANIZATIONNAME = ucmerced;
				TargetAttributes = {
					F1190ECE1B97A549002C4607 = {
						CreatedOnToolsVersion = 6.4;
					};
					F1C29FD51BDBEEDF008E9BE0 = {
						CreatedOnToolsVersion = 7.1;
					};
				};
			};
			buildConfigurationList = F1190ECA1B97A549002C4607 /* Build configuration list for PBXProject "glutapp3d" */;
			compatibilityVersion = "Xcode 3.2";
			developmentRegion = English;
			hasScannedForEncodings = 0;
			knownRegions = (
				en,
			);
			mainGroup = F1190EC61B97A549002C4607;
			productRefGroup = F1190ED01B97A549002C4607 /* Products */;
			projectDirPath = "";
			projectRoot = "";
			targets = (
				F1190ECE1B97A549002C4607 /* glutapp3d */,
				F1C29FD51BDBEEDF008E9BE0 /* json */,
			);
		};
/* End PBXProject section */

/* Begin PBXSourcesBuildPhase section */
		F1190ECB1B97A549002C4607 /* Sources */ = {
			isa = PBXSourcesBuildPhase;
			buildActionMask = 2147483647;
			files = (
				F1C2A03B1BDC308B008E9BE0 /* Mesh.cpp in Sources */,
				F1190EEF1B97A598002C4607 /* app_main.cpp in Sources */,
				F1C2A0361BDC308B008E9BE0 /* GLTexture.cpp in Sources */,
				F1C2A02F1BDC308B008E9BE0 /* Animation.cpp in Sources */,
				F1C2A0401BDC308B008E9BE0 /* OS.cpp in Sources */,
				F1C2A04C1BDC314B008E9BE0 /* GLCombinedMatrix.cpp in Sources */,
				F1C2A0431BDC308B008E9BE0 /* Transform.cpp in Sources */,
				F1C2A03D1BDC308B008E9BE0 /* ModelGroup.cpp in Sources */,
				F1190EF01B97A598002C4607 /* app_window.cpp in Sources */,
				F1C2A0531BDC3285008E9BE0 /* AnimationClip.cpp in Sources */,
				F1C2A03A1BDC308B008E9BE0 /* MaterialProgram.cpp in Sources */,
				F1C2A0421BDC308B008E9BE0 /* TextureCache.cpp in Sources */,
				F1C2A0411BDC308B008E9BE0 /* Semaphore.cpp in Sources */,
				F1C2A05B1BDC373E008E9BE0 /* lodepng.cpp in Sources */,
				F1C2A0471BDC30FD008E9BE0 /* GLCamera.cpp in Sources */,
				F1190EF11B97A598002C4607 /* glut_window.cpp in Sources */,
				F1C2A0301BDC308B008E9BE0 /* GL3DProgram.cpp in Sources */,
				F1C2A0351BDC308B008E9BE0 /* GLShader.cpp in Sources */,
				F1C2A03E1BDC308B008E9BE0 /* ModelInstance.cpp in Sources */,
				F1C2A0561BDC330A008E9BE0 /* AnimationSource.cpp in Sources */,
				F1C2A04D1BDC314B008E9BE0 /* GLCombinedModel.cpp in Sources */,
				F1C2A03C1BDC308B008E9BE0 /* Model.cpp in Sources */,
				F1C2A0591BDC34E9008E9BE0 /* Utilities.cpp in Sources */,
				F1C2A0321BDC308B008E9BE0 /* GLLighting.cpp in Sources */,
				F1C2A03F1BDC308B008E9BE0 /* Node.cpp in Sources */,
				F1C2A05E1BDDBAE4008E9BE0 /* GLTexturedQuad.cpp in Sources */,
				F1C2A0371BDC308B008E9BE0 /* GLTextureCubeMap.cpp in Sources */,
				F1C2A0331BDC308B008E9BE0 /* GLModel.cpp in Sources */,
				F1C2A0391BDC308B008E9BE0 /* Material.cpp in Sources */,
				F1C2A0441BDC308B008E9BE0 /* VertexAttributes.cpp in Sources */,
				F1C2A0311BDC308B008E9BE0 /* GLLight.cpp in Sources */,
				F1C2A0341BDC308B008E9BE0 /* GLProgram.cpp in Sources */,
			);
			runOnlyForDeploymentPostprocessing = 0;
		};
		F1C29FD21BDBEEDF008E9BE0 /* Sources */ = {
			isa = PBXSourcesBuildPhase;
			buildActionMask = 2147483647;
			files = (
				F1C29FF71BDBEF0D008E9BE0 /* json_reader.cpp in Sources */,
				F1C29FFA1BDBEF0D008E9BE0 /* json_writer.cpp in Sources */,
				F1C29FF91BDBEF0D008E9BE0 /* json_value.cpp in Sources */,
			);
			runOnlyForDeploymentPostprocessing = 0;
		};
/* End PBXSourcesBuildPhase section */

/* Begin XCBuildConfiguration section */
		F1190ED41B97A549002C4607 /* Debug */ = {
			isa = XCBuildConfiguration;
			buildSettings = {
				ALWAYS_SEARCH_USER_PATHS = YES;
				CLANG_CXX_LANGUAGE_STANDARD = "gnu++0x";
				CLANG_CXX_LIBRARY = "libc++";
				CLANG_ENABLE_MODULES = YES;
				CLANG_ENABLE_OBJC_ARC = YES;
				CLANG_WARN_BOOL_CONVERSION = YES;
				CLANG_WARN_CONSTANT_CONVERSION = YES;
				CLANG_WARN_DIRECT_OBJC_ISA_USAGE = YES_ERROR;
				CLANG_WARN_EMPTY_BODY = YES;
				CLANG_WARN_ENUM_CONVERSION = YES;
				CLANG_WARN_INT_CONVERSION = YES;
				CLANG_WARN_OBJC_ROOT_CLASS = YES_ERROR;
				CLANG_WARN_UNREACHABLE_CODE = YES;
				CLANG_WARN__DUPLICATE_METHOD_MATCH = YES;
				COPY_PHASE_STRIP = NO;
				DEBUG_INFORMATION_FORMAT = dwarf;
				ENABLE_STRICT_OBJC_MSGSEND = YES;
				ENABLE_TESTABILITY = YES;
				GCC_C_LANGUAGE_STANDARD = gnu99;
				GCC_DYNAMIC_NO_PIC = NO;
				GCC_NO_COMMON_BLOCKS = YES;
				GCC_OPTIMIZATION_LEVEL = 0;
				GCC_PREPROCESSOR_DEFINITIONS = (
					"DEBUG=1",
					"$(inherited)",
				);
				GCC_SYMBOLS_PRIVATE_EXTERN = NO;
				GCC_WARN_64_TO_32_BIT_CONVERSION = YES;
				GCC_WARN_ABOUT_RETURN_TYPE = YES_ERROR;
				GCC_WARN_UNDECLARED_SELECTOR = YES;
				GCC_WARN_UNINITIALIZED_AUTOS = YES_AGGRESSIVE;
				GCC_WARN_UNUSED_FUNCTION = YES;
				GCC_WARN_UNUSED_VARIABLE = YES;
				MACOSX_DEPLOYMENT_TARGET = 10.8;
				MTL_ENABLE_DEBUG_INFO = YES;
				ONLY_ACTIVE_ARCH = YES;
				SDKROOT = macosx;
				USER_HEADER_SEARCH_PATHS = "$(SRCROOT)/osx/glew/include $(SRCROOT)/ $(SRCROOT)/jsoncpp/include";
			};
			name = Debug;
		};
		F1190ED51B97A549002C4607 /* Release */ = {
			isa = XCBuildConfiguration;
			buildSettings = {
				ALWAYS_SEARCH_USER_PATHS = YES;
				CLANG_CXX_LANGUAGE_STANDARD = "gnu++0x";
				CLANG_CXX_LIBRARY = "libc++";
				CLANG_ENABLE_MODULES = YES;
				CLANG_ENABLE_OBJC_ARC = YES;
				CLANG_WARN_BOOL_CONVERSION = YES;
				CLANG_WARN_CONSTANT_CONVERSION = YES;
				CLANG_WARN_DIRECT_OBJC_ISA_USAGE = YES_ERROR;
				CLANG_WARN_EMPTY_BODY = YES;
				CLANG_WARN_ENUM_CONVERSION = YES;
				CLANG_WARN_INT_CONVERSION = YES;
				CLANG_WARN_OBJC_ROOT_CLASS = YES_ERROR;
				CLANG_WARN_UNREACHABLE_CODE = YES;
				CLANG_WARN__DUPLICATE_METHOD_MATCH = YES;
				COPY_PHASE_STRIP = NO;
				DEBUG_INFORMATION_FORMAT = "dwarf-with-dsym";
				ENABLE_NS_ASSERTIONS = NO;
				ENABLE_STRICT_OBJC_MSGSEND = YES;
				GCC_C_LANGUAGE_STANDARD = gnu99;
				GCC_NO_COMMON_BLOCKS = YES;
				GCC_WARN_64_TO_32_BIT_CONVERSION = YES;
				GCC_WARN_ABOUT_RETURN_TYPE = YES_ERROR;
				GCC_WARN_UNDECLARED_SELECTOR = YES;
				GCC_WARN_UNINITIALIZED_AUTOS = YES_AGGRESSIVE;
				GCC_WARN_UNUSED_FUNCTION = YES;
				GCC_WARN_UNUSED_VARIABLE = YES;
				MACOSX_DEPLOYMENT_TARGET = 10.8;
				MTL_ENABLE_DEBUG_INFO = NO;
				SDKROOT = macosx;
				USER_HEADER_SEARCH_PATHS = "$(SRCROOT)/osx/glew/include $(SRCROOT)/ $(SRCROOT)/jsoncpp/include";
			};
			name = Release;
		};
		F1190ED71B97A549002C4607 /* Debug */ = {
			isa = XCBuildConfiguration;
			buildSettings = {
				LIBRARY_SEARCH_PATHS = (
					"$(inherited)",
					"$(PROJECT_DIR)/osx/glew/lib",
				);
				PRODUCT_NAME = "$(TARGET_NAME)";
			};
			name = Debug;
		};
		F1190ED81B97A549002C4607 /* Release */ = {
			isa = XCBuildConfiguration;
			buildSettings = {
				LIBRARY_SEARCH_PATHS = (
					"$(inherited)",
					"$(PROJECT_DIR)/osx/glew/lib",
				);
				PRODUCT_NAME = "$(TARGET_NAME)";
			};
			name = Release;
		};
		F1C29FD81BDBEEE0008E9BE0 /* Debug */ = {
			isa = XCBuildConfiguration;
			buildSettings = {
				ALWAYS_SEARCH_USER_PATHS = NO;
				CODE_SIGN_IDENTITY = "-";
				COMBINE_HIDPI_IMAGES = YES;
				ENABLE_TESTABILITY = YES;
				EXECUTABLE_PREFIX = lib;
				MACOSX_DEPLOYMENT_TARGET = 10.10;
				PRODUCT_NAME = "$(TARGET_NAME)";
			};
			name = Debug;
		};
		F1C29FD91BDBEEE0008E9BE0 /* Release */ = {
			isa = XCBuildConfiguration;
			buildSettings = {
				ALWAYS_SEARCH_USER_PATHS = NO;
				CODE_SIGN_IDENTITY = "-";
				COMBINE_HIDPI_IMAGES = YES;
				EXECUTABLE_PREFIX = lib;
				MACOSX_DEPLOYMENT_TARGET = 10.10;
				PRODUCT_NAME = "$(TARGET_NAME)";
			};
			name = Release;
		};
/* End XCBuildConfiguration section */

/* Begin XCConfigurationList section */
		F1190ECA1B97A549002C4607 /* Build configuration list for PBXProject "glutapp3d" */ = {
			isa = XCConfigurationList;
			buildConfigurations = (
				F1190ED41B97A549002C4607 /* Debug */,
				F1190ED51B97A549002C4607 /* Release */,
			);
			defaultConfigurationIsVisible = 0;
			defaultConfigurationName = Release;
		};
		F1190ED61B97A549002C4607 /* Build configuration list for PBXNativeTarget "glutapp3d" */ = {
			isa = XCConfigurationList;
			buildConfigurations = (
				F1190ED71B97A549002C4607 /* Debug */,
				F1190ED81B97A549002C4607 /* Release */,
			);
			defaultConfigurationIsVisible = 0;
			defaultConfigurationName = Release;
		};
		F1C29FD71BDBEEE0008E9BE0 /* Build configuration list for PBXNativeTarget "json" */ = {
			isa = XCConfigurationList;
			buildConfigurations = (
				F1C29FD81BDBEEE0008E9BE0 /* Debug */,
				F1C29FD91BDBEEE0008E9BE0 /* Release */,
			);
			defaultConfigurationIsVisible = 0;
			defaultConfigurationName = Release;
		};
/* End XCConfigurationList section */
	};
	rootObject = F1190EC71B97A549002C4607 /* Project object */;
}
